{
    "_meta": {
        "hash": {
            "sha256": "6bcd7c60db1ac534a04b468ccf9959509a169d9fb721ef13cf0b0ed31ec8ad72"
        },
        "pipfile-spec": 6,
        "requires": {
            "python_version": "3.6"
        },
        "sources": [
            {
                "name": "pypi",
                "url": "https://pypi.org/simple",
                "verify_ssl": true
            }
        ]
    },
    "default": {
        "django": {
            "hashes": [
                "sha256:26b34f4417aa38d895b6b5307177b51bc3f4d53179d8696a5c19dcb50582523c",
                "sha256:71d1a584bb4ad2b4f933d07d02c716755c1394feaac1ce61ce37843ac5401092"
            ],
            "index": "pypi",
            "version": "==2.0.5"
        },
        "django-taggit": {
            "hashes": [
                "sha256:58aa3e59e0643446e102523f22d137300298e2a537b1c5b0c310d99143f2c2b8",
                "sha256:fd13e304ba37ff09e601c4797d893fb7d3e699a789b5afb0b09d686f94470441"
            ],
            "index": "pypi",
            "version": "==0.22.2"
        },
        "markdown": {
            "hashes": [
                "sha256:9ba587db9daee7ec761cfc656272be6aabe2ed300fece21208e4aab2e457bc8f",
                "sha256:a856869c7ff079ad84a3e19cd87a64998350c2b94e9e08e44270faef33400f81"
            ],
            "index": "pypi",
            "version": "==2.6.11"
        },
        "python-dotenv": {
            "hashes": [
                "sha256:debd928b49dbc2bf68040566f55cdb3252458036464806f4094487244e2a4093",
                "sha256:f157d71d5fec9d4bd5f51c82746b6344dffa680ee85217c123f4a0c8117c4544"
            ],
            "index": "pypi",
            "version": "==0.10.3"
        },
        "pytz": {
            "hashes": [
                "sha256:26c0b32e437e54a18161324a2fca3c4b9846b74a8dccddd843113109e1116b32",
                "sha256:c894d57500a4cd2d5c71114aaab77dbab5eabd9022308ce5ac9bb93a60a6f0c7"
            ],
            "version": "==2019.2"
        }
    },
    "develop": {}
}
